
Microsoft Visual Studio Solution File, Format Version 12.00
Project("{FAE04EC0-301F-11D3-BF4B-00C04F79EFBC}") = "ThreeAPIDemo", "ThreeAPIDemo\ThreeAPIDemo.csproj", "{6F6A8820-485D-4B80-8401-6F6EEB6656E1}"
EndProject
Project("{FAE04EC0-301F-11D3-BF4B-00C04F79EFBC}") = "MiddlewareDemo", "MiddlewareDemo\MiddlewareDemo.csproj", "{0F23F7FE-85CE-4C31-A17E-3B4F550C02AA}"
EndProject
Project("{FAE04EC0-301F-11D3-BF4B-00C04F79EFBC}") = "MiddlewareDemo1", "MiddlewareDemo1\MiddlewareDemo1.csproj", "{3959D4FD-8996-4C04-BDCD-0E983E0C2D3E}"
EndProject
Project("{FAE04EC0-301F-11D3-BF4B-00C04F79EFBC}") = "InjectDemo", "InjectDemo\InjectDemo.csproj", "{FFA308AA-B31C-42CD-9E89-58E5CEBE2315}"
EndProject
Global
	GlobalSection(SolutionConfigurationPlatforms) = preSolution
		Debug|Any CPU = Debug|Any CPU
		Release|Any CPU = Release|Any CPU
	EndGlobalSection
	GlobalSection(ProjectConfigurationPlatforms) = postSolution
		{6F6A8820-485D-4B80-8401-6F6EEB6656E1}.Debug|Any CPU.ActiveCfg = Debug|Any CPU
		{6F6A8820-485D-4B80-8401-6F6EEB6656E1}.Debug|Any CPU.Build.0 = Debug|Any CPU
		{6F6A8820-485D-4B80-8401-6F6EEB6656E1}.Release|Any CPU.ActiveCfg = Release|Any CPU
		{6F6A8820-485D-4B80-8401-6F6EEB6656E1}.Release|Any CPU.Build.0 = Release|Any CPU
		{0F23F7FE-85CE-4C31-A17E-3B4F550C02AA}.Debug|Any CPU.ActiveCfg = Debug|Any CPU
		{0F23F7FE-85CE-4C31-A17E-3B4F550C02AA}.Debug|Any CPU.Build.0 = Debug|Any CPU
		{0F23F7FE-85CE-4C31-A17E-3B4F550C02AA}.Release|Any CPU.ActiveCfg = Release|Any CPU
		{0F23F7FE-85CE-4C31-A17E-3B4F550C02AA}.Release|Any CPU.Build.0 = Release|Any CPU
		{3959D4FD-8996-4C04-BDCD-0E983E0C2D3E}.Debug|Any CPU.ActiveCfg = Debug|Any CPU
		{3959D4FD-8996-4C04-BDCD-0E983E0C2D3E}.Debug|Any CPU.Build.0 = Debug|Any CPU
		{3959D4FD-8996-4C04-BDCD-0E983E0C2D3E}.Release|Any CPU.ActiveCfg = Release|Any CPU
		{3959D4FD-8996-4C04-BDCD-0E983E0C2D3E}.Release|Any CPU.Build.0 = Release|Any CPU
		{FFA308AA-B31C-42CD-9E89-58E5CEBE2315}.Debug|Any CPU.ActiveCfg = Debug|Any CPU
		{FFA308AA-B31C-42CD-9E89-58E5CEBE2315}.Debug|Any CPU.Build.0 = Debug|Any CPU
		{FFA308AA-B31C-42CD-9E89-58E5CEBE2315}.Release|Any CPU.ActiveCfg = Release|Any CPU
		{FFA308AA-B31C-42CD-9E89-58E5CEBE2315}.Release|Any CPU.Build.0 = Release|Any CPU
	EndGlobalSection
EndGlobal
